// !$*UTF8*$!
{
	archiveVersion = 1;
	classes = {
	};
	objectVersion = 46;
	objects = {

/* Begin PBXBuildFile section */
		DAE3C0491CAF7A3600654765 /* AppDelegate.swift in Sources */ = {isa = PBXBuildFile; fileRef = DAE3C0481CAF7A3600654765 /* AppDelegate.swift */; };
		DAE3C04B1CAF7A3600654765 /* ViewController.swift in Sources */ = {isa = PBXBuildFile; fileRef = DAE3C04A1CAF7A3600654765 /* ViewController.swift */; };
		DAE3C04E1CAF7A3700654765 /* Main.storyboard in Resources */ = {isa = PBXBuildFile; fileRef = DAE3C04C1CAF7A3700654765 /* Main.storyboard */; };
		DAE3C0501CAF7A3800654765 /* Assets.xcassets in Resources */ = {isa = PBXBuildFile; fileRef = DAE3C04F1CAF7A3800654765 /* Assets.xcassets */; };
		DAE3C0531CAF7A3800654765 /* LaunchScreen.storyboard in Resources */ = {isa = PBXBuildFile; fileRef = DAE3C0511CAF7A3800654765 /* LaunchScreen.storyboard */; };
/* End PBXBuildFile section */

/* Begin PBXFileReference section */
		DAE3C0451CAF7A3600654765 /* ChallengeApp.app */ = {isa = PBXFileReference; explicitFileType = wrapper.application; includeInIndex = 0; path = ChallengeApp.app; sourceTree = BUILT_PRODUCTS_DIR; };
		DAE3C0481CAF7A3600654765 /* AppDelegate.swift */ = {isa = PBXFileReference; lastKnownFileType = sourcecode.swift; path = AppDelegate.swift; sourceTree = "<group>"; };
		DAE3C04A1CAF7A3600654765 /* ViewController.swift */ = {isa = PBXFileReference; lastKnownFileType = sourcecode.swift; path = ViewController.swift; sourceTree = "<group>"; };
		DAE3C04D1CAF7A3700654765 /* Base */ = {isa = PBXFileReference; lastKnownFileType = file.storyboard; name = Base; path = Base.lproj/Main.storyboard; sourceTree = "<group>"; };
		DAE3C04F1CAF7A3800654765 /* Assets.xcassets */ = {isa = PBXFileReference; lastKnownFileType = folder.assetcatalog; path = Assets.xcassets; sourceTree = "<group>"; };
		DAE3C0521CAF7A3800654765 /* Base */ = {isa = PBXFileReference; lastKnownFileType = file.storyboard; name = Base; path = Base.lproj/LaunchScreen.storyboard; sourceTree = "<group>"; };
		DAE3C0541CAF7A3800654765 /* Info.plist */ = {isa = PBXFileReference; lastKnownFileType = text.plist.xml; path = Info.plist; sourceTree = "<group>"; };
/* End PBXFileReference section */

/* Begin PBXFrameworksBuildPhase section */
		DAE3C0421CAF7A3600654765 /* Frameworks */ = {
			isa = PBXFrameworksBuildPhase;
			buildActionMask = 2147483647;
			files = (
			);
			runOnlyForDeploymentPostprocessing = 0;
		};
/* End PBXFrameworksBuildPhase section */

/* Begin PBXGroup section */
		DAE3C03C1CAF7A3500654765 = {
			isa = PBXGroup;
			children = (
				DAE3C0471CAF7A3600654765 /* ChallengeApp */,
				DAE3C0461CAF7A3600654765 /* Products */,
			);
			sourceTree = "<group>";
		};
		DAE3C0461CAF7A3600654765 /* Products */ = {
			isa = PBXGroup;
			children = (
				DAE3C0451CAF7A3600654765 /* ChallengeApp.app */,
			);
			name = Products;
			sourceTree = "<group>";
		};
		DAE3C0471CAF7A3600654765 /* ChallengeApp */ = {
			isa = PBXGroup;
			children = (
				DAE3C0481CAF7A3600654765 /* AppDelegate.swift */,
				DAE3C04A1CAF7A3600654765 /* ViewController.swift */,
				DAE3C04C1CAF7A3700654765 /* Main.storyboard */,
				DAE3C04F1CAF7A3800654765 /* Assets.xcassets */,
				DAE3C0511CAF7A3800654765 /* LaunchScreen.storyboard */,
				DAE3C0541CAF7A3800654765 /* Info.plist */,
			);
			path = ChallengeApp;
			sourceTree = "<group>";
		};
/* End PBXGroup section */

/* Begin PBXNativeTarget section */
		DAE3C0441CAF7A3600654765 /* ChallengeApp */ = {
			isa = PBXNativeTarget;
			buildConfigurationList = DAE3C0571CAF7A3800654765 /* Build configuration list for PBXNativeTarget "ChallengeApp" */;
			buildPhases = (
				DAE3C0411CAF7A3600654765 /* Sources */,
				DAE3C0421CAF7A3600654765 /* Frameworks */,
				DAE3C0431CAF7A3600654765 /* Resources */,
			);
			buildRules = (
			);
			dependencies = (
			);
			name = ChallengeApp;
			productName = ChallengeApp;
			productReference = DAE3C0451CAF7A3600654765 /* ChallengeApp.app */;
			productType = "com.apple.product-type.application";
		};
/* End PBXNativeTarget section */

/* Begin PBXProject section */
		DAE3C03D1CAF7A3500654765 /* Project object */ = {
			isa = PBXProject;
			attributes = {
				LastSwiftUpdateCheck = 0730;
				LastUpgradeCheck = 0730;
				ORGANIZATIONNAME = "Molly Cox";
				TargetAttributes = {
					DAE3C0441CAF7A3600654765 = {
						CreatedOnToolsVersion = 7.3;
						DevelopmentTeam = BHY3MQVSKT;
					};
				};
			};
			buildConfigurationList = DAE3C0401CAF7A3500654765 /* Build configuration list for PBXProject "ChallengeApp" */;
			compatibilityVersion = "Xcode 3.2";
			developmentRegion = English;
			hasScannedForEncodings = 0;
			knownRegions = (
				en,
				Base,
			);
			mainGroup = DAE3C03C1CAF7A3500654765;
			productRefGroup = DAE3C0461CAF7A3600654765 /* Products */;
			projectDirPath = "";
			projectRoot = "";
			targets = (
				DAE3C0441CAF7A3600654765 /* ChallengeApp */,
			);
		};
/* End PBXProject section */

/* Begin PBXResourcesBuildPhase section */
		DAE3C0431CAF7A3600654765 /* Resources */ = {
			isa = PBXResourcesBuildPhase;
			buildActionMask = 2147483647;
			files = (
				DAE3C0531CAF7A3800654765 /* LaunchScreen.storyboard in Resources */,
				DAE3C0501CAF7A3800654765 /* Assets.xcassets in Resources */,
				DAE3C04E1CAF7A3700654765 /* Main.storyboard in Resources */,
			);
			runOnlyForDeploymentPostprocessing = 0;
		};
/* End PBXResourcesBuildPhase section */

/* Begin PBXSourcesBuildPhase section */
		DAE3C0411CAF7A3600654765 /* Sources */ = {
			isa = PBXSourcesBuildPhase;
			buildActionMask = 2147483647;
			files = (
				DAE3C04B1CAF7A3600654765 /* ViewController.swift in Sources */,
				DAE3C0491CAF7A3600654765 /* AppDelegate.swift in Sources */,
			);
			runOnlyForDeploymentPostprocessing = 0;
		};
/* End PBXSourcesBuildPhase section */

/* Begin PBXVariantGroup section */
		DAE3C04C1CAF7A3700654765 /* Main.storyboard */ = {
			isa = PBXVariantGroup;
			children = (
				DAE3C04D1CAF7A3700654765 /* Base */,
			);
			name = Main.storyboard;
			sourceTree = "<group>";
		};
		DAE3C0511CAF7A3800654765 /* LaunchScreen.storyboard */ = {
			isa = PBXVariantGroup;
			children = (
				DAE3C0521CAF7A3800654765 /* Base */,
			);
			name = LaunchScreen.storyboard;
			sourceTree = "<group>";
		};
/* End PBXVariantGroup section */

/* Begin XCBuildConfiguration section */
		DAE3C0551CAF7A3800654765 /* Debug */ = {
			isa = XCBuildConfiguration;
			buildSettings = {
				ALWAYS_SEARCH_USER_PATHS = NO;
				CLANG_ANALYZER_NONNULL = YES;
				CLANG_CXX_LANGUAGE_STANDARD = "gnu++0x";
				CLANG_CXX_LIBRARY = "libc++";
				CLANG_ENABLE_MODULES = YES;
				CLANG_ENABLE_OBJC_ARC = YES;
				CLANG_WARN_BOOL_CONVERSION = YES;
				CLANG_WARN_CONSTANT_CONVERSION = YES;
				CLANG_WARN_DIRECT_OBJC_ISA_USAGE = YES_ERROR;
				CLANG_WARN_EMPTY_BODY = YES;
				CLANG_WARN_ENUM_CONVERSION = YES;
				CLANG_WARN_INT_CONVERSION = YES;
				CLANG_WARN_OBJC_ROOT_CLASS = YES_ERROR;
				CLANG_WARN_UNREACHABLE_CODE = YES;
				CLANG_WARN__DUPLICATE_METHOD_MATCH = YES;
				"CODE_SIGN_IDENTITY[sdk=iphoneos*]" = "iPhone Developer";
				COPY_PHASE_STRIP = NO;
				DEBUG_INFORMATION_FORMAT = dwarf;
				ENABLE_STRICT_OBJC_MSGSEND = YES;
				ENABLE_TESTABILITY = YES;
				GCC_C_LANGUAGE_STANDARD = gnu99;
				GCC_DYNAMIC_NO_PIC = NO;
				GCC_NO_COMMON_BLOCKS = YES;
				GCC_OPTIMIZATION_LEVEL = 0;
				GCC_PREPROCESSOR_DEFINITIONS = (
					"DEBUG=1",
					"$(inherited)",
				);
				GCC_WARN_64_TO_32_BIT_CONVERSION = YES;
				GCC_WARN_ABOUT_RETURN_TYPE = YES_ERROR;
				GCC_WARN_UNDECLARED_SELECTOR = YES;
				GCC_WARN_UNINITIALIZED_AUTOS = YES_AGGRESSIVE;
				GCC_WARN_UNUSED_FUNCTION = YES;
				GCC_WARN_UNUSED_VARIABLE = YES;
				IPHONEOS_DEPLOYMENT_TARGET = 9.3;
				MTL_ENABLE_DEBUG_INFO = YES;
				ONLY_ACTIVE_ARCH = YES;
				SDKROOT = iphoneos;
				SWIFT_OPTIMIZATION_LEVEL = "-Onone";
			};
			name = Debug;
		};
		DAE3C0561CAF7A3800654765 /* Release */ = {
			isa = XCBuildConfiguration;
			buildSettings = {
				ALWAYS_SEARCH_USER_PATHS = NO;
				CLANG_ANALYZER_NONNULL = YES;
				CLANG_CXX_LANGUAGE_STANDARD = "gnu++0x";
				CLANG_CXX_LIBRARY = "libc++";
				CLANG_ENABLE_MODULES = YES;
				CLANG_ENABLE_OBJC_ARC = YES;
				CLANG_WARN_BOOL_CONVERSION = YES;
				CLANG_WARN_CONSTANT_CONVERSION = YES;
				CLANG_WARN_DIRECT_OBJC_ISA_USAGE = YES_ERROR;
				CLANG_WARN_EMPTY_BODY = YES;
				CLANG_WARN_ENUM_CONVERSION = YES;
				CLANG_WARN_INT_CONVERSION = YES;
				CLANG_WARN_OBJC_ROOT_CLASS = YES_ERROR;
				CLANG_WARN_UNREACHABLE_CODE = YES;
				CLANG_WARN__DUPLICATE_METHOD_MATCH = YES;
				"CODE_SIGN_IDENTITY[sdk=iphoneos*]" = "iPhone Developer";
				COPY_PHASE_STRIP = NO;
				DEBUG_INFORMATION_FORMAT = "dwarf-with-dsym";
				ENABLE_NS_ASSERTIONS = NO;
				ENABLE_STRICT_OBJC_MSGSEND = YES;
				GCC_C_LANGUAGE_STANDARD = gnu99;
				GCC_NO_COMMON_BLOCKS = YES;
				GCC_WARN_64_TO_32_BIT_CONVERSION = YES;
				GCC_WARN_ABOUT_RETURN_TYPE = YES_ERROR;
				GCC_WARN_UNDECLARED_SELECTOR = YES;
				GCC_WARN_UNINITIALIZED_AUTOS = YES_AGGRESSIVE;
				GCC_WARN_UNUSED_FUNCTION = YES;
				GCC_WARN_UNUSED_VARIABLE = YES;
				IPHONEOS_DEPLOYMENT_TARGET = 9.3;
				MTL_ENABLE_DEBUG_INFO = NO;
				SDKROOT = iphoneos;
				VALIDATE_PRODUCT = YES;
			};
			name = Release;
		};
		DAE3C0581CAF7A3800654765 /* Debug */ = {
			isa = XCBuildConfiguration;
			buildSettings = {
				ASSETCATALOG_COMPILER_APPICON_NAME = AppIcon;
				INFOPLIST_FILE = ChallengeApp/Info.plist;
				LD_RUNPATH_SEARCH_PATHS = "$(inherited) @executable_path/Frameworks";
				PRODUCT_BUNDLE_IDENTIFIER = MagCoxSW.ChallengeApp;
				PRODUCT_NAME = "$(TARGET_NAME)";
			};
			name = Debug;
		};
		DAE3C0591CAF7A3800654765 /* Release */ = {
			isa = XCBuildConfiguration;
			buildSettings = {
				ASSETCATALOG_COMPILER_APPICON_NAME = AppIcon;
				INFOPLIST_FILE = ChallengeApp/Info.plist;
				LD_RUNPATH_SEARCH_PATHS = "$(inherited) @executable_path/Frameworks";
				PRODUCT_BUNDLE_IDENTIFIER = MagCoxSW.ChallengeApp;
				PRODUCT_NAME = "$(TARGET_NAME)";
			};
			name = Release;
		};
/* End XCBuildConfiguration section */

/* Begin XCConfigurationList section */
		DAE3C0401CAF7A3500654765 /* Build configuration list for PBXProject "ChallengeApp" */ = {
			isa = XCConfigurationList;
			buildConfigurations = (
				DAE3C0551CAF7A3800654765 /* Debug */,
				DAE3C0561CAF7A3800654765 /* Release */,
			);
			defaultConfigurationIsVisible = 0;
			defaultConfigurationName = Release;
		};
		DAE3C0571CAF7A3800654765 /* Build configuration list for PBXNativeTarget "ChallengeApp" */ = {
			isa = XCConfigurationList;
			buildConfigurations = (
				DAE3C0581CAF7A3800654765 /* Debug */,
				DAE3C0591CAF7A3800654765 /* Release */,
			);
			defaultConfigurationIsVisible = 0;
		};
/* End XCConfigurationList section */
	};
	rootObject = DAE3C03D1CAF7A3500654765 /* Project object */;
}
